
Microsoft Visual Studio Solution File, Format Version 12.00
# Visual Studio Version 17
VisualStudioVersion = 17.4.33205.214
MinimumVisualStudioVersion = 10.0.40219.1
Project("{9A19103F-16F7-4668-BE54-9A1E7A4F7556}") = "ITunesWebApp", "ITunesWebApp.csproj", "{9C9B3B2F-EF3B-409D-A032-AA73CD49DC17}"
EndProject
Project("{FAE04EC0-301F-11D3-BF4B-00C04F79EFBC}") = "ReachMobiTests", "..\ReachMobiTests\ReachMobiTests.csproj", "{D47BF0A6-D7E0-4CB9-B53C-1A1CF7148004}"
EndProject
Global
	GlobalSection(SolutionConfigurationPlatforms) = preSolution
		Debug|Any CPU = Debug|Any CPU
		Release|Any CPU = Release|Any CPU
	EndGlobalSection
	GlobalSection(ProjectConfigurationPlatforms) = postSolution
		{9C9B3B2F-EF3B-409D-A032-AA73CD49DC17}.Debug|Any CPU.ActiveCfg = Debug|Any CPU
		{9C9B3B2F-EF3B-409D-A032-AA73CD49DC17}.Debug|Any CPU.Build.0 = Debug|Any CPU
		{9C9B3B2F-EF3B-409D-A032-AA73CD49DC17}.Release|Any CPU.ActiveCfg = Release|Any CPU
		{9C9B3B2F-EF3B-409D-A032-AA73CD49DC17}.Release|Any CPU.Build.0 = Release|Any CPU
		{D47BF0A6-D7E0-4CB9-B53C-1A1CF7148004}.Debug|Any CPU.ActiveCfg = Debug|Any CPU
		{D47BF0A6-D7E0-4CB9-B53C-1A1CF7148004}.Debug|Any CPU.Build.0 = Debug|Any CPU
		{D47BF0A6-D7E0-4CB9-B53C-1A1CF7148004}.Release|Any CPU.ActiveCfg = Release|Any CPU
		{D47BF0A6-D7E0-4CB9-B53C-1A1CF7148004}.Release|Any CPU.Build.0 = Release|Any CPU
	EndGlobalSection
	GlobalSection(SolutionProperties) = preSolution
		HideSolutionNode = FALSE
	EndGlobalSection
	GlobalSection(ExtensibilityGlobals) = postSolution
		SolutionGuid = {C24C6874-0421-48DC-A561-01A51C06FBB0}
	EndGlobalSection
EndGlobal
